
Microsoft Visual Studio Solution File, Format Version 12.00
# Visual Studio 15
VisualStudioVersion = 15.0.27703.2018
MinimumVisualStudioVersion = 10.0.40219.1
Project("{8BC9CEB8-8B4A-11D0-8D11-00A0C91BC942}") = "STLTest", "STLTest.vcxproj", "{7A47F894-5A65-49F1-BF17-04F0AF385625}"
EndProject
Global
	GlobalSection(SolutionConfigurationPlatforms) = preSolution
		Debug|x64 = Debug|x64
		Debug|x86 = Debug|x86
		Release|x64 = Release|x64
		Release|x86 = Release|x86
	EndGlobalSection
	GlobalSection(ProjectConfigurationPlatforms) = postSolution
		{7A47F894-5A65-49F1-BF17-04F0AF385625}.Debug|x64.ActiveCfg = Debug|x64
		{7A47F894-5A65-49F1-BF17-04F0AF385625}.Debug|x64.Build.0 = Debug|x64
		{7A47F894-5A65-49F1-BF17-04F0AF385625}.Debug|x86.ActiveCfg = Debug|Win32
		{7A47F894-5A65-49F1-BF17-04F0AF385625}.Debug|x86.Build.0 = Debug|Win32
		{7A47F894-5A65-49F1-BF17-04F0AF385625}.Release|x64.ActiveCfg = Release|x64
		{7A47F894-5A65-49F1-BF17-04F0AF385625}.Release|x64.Build.0 = Release|x64
		{7A47F894-5A65-49F1-BF17-04F0AF385625}.Release|x86.ActiveCfg = Release|Win32
		{7A47F894-5A65-49F1-BF17-04F0AF385625}.Release|x86.Build.0 = Release|Win32
	EndGlobalSection
	GlobalSection(SolutionProperties) = preSolution
		HideSolutionNode = FALSE
	EndGlobalSection
	GlobalSection(ExtensibilityGlobals) = postSolution
		SolutionGuid = {92668D74-D165-48A7-9EFA-048077D6BFBA}
	EndGlobalSection
EndGlobal
