
Microsoft Visual Studio Solution File, Format Version 12.00
# Visual Studio 15
VisualStudioVersion = 15.0.28307.1525
MinimumVisualStudioVersion = 10.0.40219.1
Project("{8BC9CEB8-8B4A-11D0-8D11-00A0C91BC942}") = "UdpTest", "UdpTest.vcxproj", "{F3E31111-6020-4A84-8756-D39610453297}"
EndProject
Global
	GlobalSection(SolutionConfigurationPlatforms) = preSolution
		Debug|x64 = Debug|x64
		Debug|x86 = Debug|x86
		Release|x64 = Release|x64
		Release|x86 = Release|x86
	EndGlobalSection
	GlobalSection(ProjectConfigurationPlatforms) = postSolution
		{F3E31111-6020-4A84-8756-D39610453297}.Debug|x64.ActiveCfg = Debug|x64
		{F3E31111-6020-4A84-8756-D39610453297}.Debug|x64.Build.0 = Debug|x64
		{F3E31111-6020-4A84-8756-D39610453297}.Debug|x86.ActiveCfg = Debug|Win32
		{F3E31111-6020-4A84-8756-D39610453297}.Debug|x86.Build.0 = Debug|Win32
		{F3E31111-6020-4A84-8756-D39610453297}.Release|x64.ActiveCfg = Release|x64
		{F3E31111-6020-4A84-8756-D39610453297}.Release|x64.Build.0 = Release|x64
		{F3E31111-6020-4A84-8756-D39610453297}.Release|x86.ActiveCfg = Release|Win32
		{F3E31111-6020-4A84-8756-D39610453297}.Release|x86.Build.0 = Release|Win32
	EndGlobalSection
	GlobalSection(SolutionProperties) = preSolution
		HideSolutionNode = FALSE
	EndGlobalSection
	GlobalSection(ExtensibilityGlobals) = postSolution
		SolutionGuid = {8ADA07DF-15D4-466A-8525-2EAC6A234008}
	EndGlobalSection
EndGlobal
